{
  "version": "3",
  "packages": {
    "specifiers": {
      "jsr:@std/assert@^0.226.0": "jsr:@std/assert@0.226.0",
      "jsr:@std/cli@^0.224.6": "jsr:@std/cli@0.224.6",
      "jsr:@std/internal@^1.0.0": "jsr:@std/internal@1.0.0"
    },
    "jsr": {
      "@std/assert@0.226.0": {
        "integrity": "0dfb5f7c7723c18cec118e080fec76ce15b4c31154b15ad2bd74822603ef75b3",
        "dependencies": [
          "jsr:@std/internal@^1.0.0"
        ]
      },
      "@std/cli@0.224.6": {
        "integrity": "98d7e17a70c1c24980baa2b9a511b29e0a460e7a3b8e3d4e220979d77d5f348e"
      },
      "@std/internal@1.0.0": {
        "integrity": "ac6a6dfebf838582c4b4f61a6907374e27e05bedb6ce276e0f1608fe84e7cd9a"
      }
    }
  },
  "remote": {},
  "workspace": {
    "packageJson": {
      "dependencies": [
        "npm:@babel/core@^7.24.7",
        "npm:@builder.io/partytown@^0.10.2",
        "npm:@commitlint/cli@^19.3.0",
        "npm:@commitlint/config-conventional@^17.8.0",
        "npm:@commitlint/types@^19.0.3",
        "npm:@eslint/compat@^1.1.0",
        "npm:@eslint/eslintrc@^3.1.0",
        "npm:@eslint/js@^9.4.0",
        "npm:@fortawesome/fontawesome-svg-core@^6.5.2",
        "npm:@fortawesome/free-brands-svg-icons@^6.5.1",
        "npm:@fortawesome/free-solid-svg-icons@^6.5.1",
        "npm:@fortawesome/react-fontawesome@^0.2.0",
        "npm:@giscus/react@^3.0.0",
        "npm:@next/bundle-analyzer@^14.2.3",
        "npm:@next/plugin-storybook@^14.0.3",
        "npm:@plaiceholder/next@^3.0.0",
        "npm:@stitches/core@^1.2.8",
        "npm:@storybook/addon-actions@^8.1.5",
        "npm:@storybook/addon-docs@^8.1.6",
        "npm:@storybook/addon-essentials@^8.1.8",
        "npm:@storybook/addon-interactions@^8.1.9",
        "npm:@storybook/addon-links@^8.1.6",
        "npm:@storybook/addon-mdx-gfm@^8.1.6",
        "npm:@storybook/addon-postcss@^2.0.0",
        "npm:@storybook/addon-styling@^1.3.7",
        "npm:@storybook/manager-api@^8.1.9",
        "npm:@storybook/nextjs@^8.1.5",
        "npm:@storybook/react@^8.1.5",
        "npm:@storybook/test@^8.1.8",
        "npm:@storybook/theming@^8.1.9",
        "npm:@swc/core@^1.5.7",
        "npm:@swc/jest@^0.2.36",
        "npm:@tailwindcss/aspect-ratio@^0.4.2",
        "npm:@tailwindcss/typography@^0.5.0",
        "npm:@tanstack/react-query-devtools@^4.36.1",
        "npm:@tanstack/react-query@^4.36.1",
        "npm:@testing-library/cypress@^8.0.2",
        "npm:@testing-library/dom@^10.1.0",
        "npm:@testing-library/jest-dom@^6.4.6",
        "npm:@testing-library/react@^16.0.0",
        "npm:@testing-library/user-event@^14.5.2",
        "npm:@types/jest@^29.5.12",
        "npm:@types/node@^20.14.0",
        "npm:@types/parameterize@^1.0.1",
        "npm:@types/prettier@^3.0.0",
        "npm:@types/react-dom@^18.3.0",
        "npm:@types/react@18.3.3",
        "npm:@types/tinycolor2@^1.4.4",
        "npm:@types/unist@^3.0.0",
        "npm:@typescript-eslint/parser@^7.11.0",
        "npm:autoprefixer@^10.4.2",
        "npm:babel-jest@^27.4.6",
        "npm:babel-loader@^9.1.3",
        "npm:clsx@^2.1.1",
        "npm:cypress@^10.0.3",
        "npm:date-fns@^3.6.0",
        "npm:esbuild@^0.15.15",
        "npm:eslint-config-next@^14.2.3",
        "npm:eslint-config-prettier@^9.0.0",
        "npm:eslint-import-resolver-typescript@^3.6.1",
        "npm:eslint-plugin-cypress@^3.3.0",
        "npm:eslint-plugin-import@^2.29.1",
        "npm:eslint-plugin-jsx-a11y@^6.8.0",
        "npm:eslint-plugin-prettier@^5.0.1",
        "npm:eslint@8.57.0",
        "npm:firebase@^10.12.2",
        "npm:framer-motion@^11.2.10",
        "npm:gray-matter@^4.0.3",
        "npm:hast-util-to-html@^8.0.4",
        "npm:hast-util-to-string@^3.0.0",
        "npm:hast@^1.0.0",
        "npm:husky@^7.0.4",
        "npm:identity-obj-proxy@^3.0.0",
        "npm:jest-environment-jsdom@^29.7.0",
        "npm:jest-fetch-mock@^3.0.3",
        "npm:jest@^29.7.0",
        "npm:lodash@^4.17.21",
        "npm:match-sorter@^6.3.3",
        "npm:mdx-bundler@^8.1.0",
        "npm:msw@^2.3.1",
        "npm:next-compose-plugins@^2.2.1",
        "npm:next-pwa@^5.6.0",
        "npm:next-sitemap@^4.2.3",
        "npm:next-themes@^0.3.0",
        "npm:next@^14.2.4",
        "npm:parameterize@^1.0.0",
        "npm:parse-numeric-range@^1.3.0",
        "npm:plaiceholder@^3.0.0",
        "npm:postcss-import@^16.1.0",
        "npm:postcss@^8.4.5",
        "npm:prettier@^2",
        "npm:prettier@^3.3.0",
        "npm:react-dom@^18.3.1",
        "npm:react-intersection-observer@^9.10.3",
        "npm:react-test-renderer@^18.1.0",
        "npm:react-toastify@^9.1.3",
        "npm:react@^18.3.1",
        "npm:reading-time@^1.5.0",
        "npm:refractor@^4.8.1",
        "npm:rehype-katex@^6.0.3",
        "npm:rehype-parse@^8.0.5",
        "npm:rehype@^13.0.1",
        "npm:remark-gfm@^4.0.0",
        "npm:remark-math@^5.1.1",
        "npm:sharp@^0.32.6",
        "npm:storybook-dark-mode@^4.0.1",
        "npm:storybook@^8.1.5",
        "npm:tailwind-merge@^1.14.0",
        "npm:tailwindcss@^3.4.4",
        "npm:tinycolor2@^1.6.0",
        "npm:ts-jest@^29.1.4",
        "npm:ts-node@^10.9.1",
        "npm:typescript@^5.4.5",
        "npm:undici@^6.18.2",
        "npm:unified@^10.1.2",
        "npm:unist-util-visit@^4.1.2",
        "npm:uuid@^9.0.1",
        "npm:webpack@^5.72.1",
        "npm:whatwg-fetch@^3.6.20",
        "npm:workbox-cacheable-response@^7.1.0",
        "npm:workbox-core@^7.1.0",
        "npm:workbox-expiration@^7.1.0",
        "npm:workbox-routing@^7.1.0",
        "npm:workbox-strategies@^7.1.0",
        "npm:workbox-webpack-plugin@^6.6.0"
      ]
    }
  }
}
