{
  "version": "3",
  "packages": {
    "specifiers": {
      "jsr:@std/assert@^0.226.0": "jsr:@std/assert@0.226.0",
      "jsr:@std/cli@^0.224.6": "jsr:@std/cli@0.224.6",
      "jsr:@std/fs@^0.229.3": "jsr:@std/fs@0.229.3",
      "jsr:@std/internal@^1.0.0": "jsr:@std/internal@1.0.0",
      "jsr:@std/yaml@0.224.1": "jsr:@std/yaml@0.224.1",
      "jsr:@std/yaml@^0.224.1": "jsr:@std/yaml@0.224.1",
      "npm:@types/mdast": "npm:@types/mdast@4.0.4",
      "npm:@types/node": "npm:@types/node@18.16.19",
      "npm:dayjs": "npm:dayjs@1.11.11",
      "npm:dayjs@1.11.11": "npm:dayjs@1.11.11",
      "npm:fs": "npm:fs@0.0.1-security"
    },
    "jsr": {
      "@std/assert@0.226.0": {
        "integrity": "0dfb5f7c7723c18cec118e080fec76ce15b4c31154b15ad2bd74822603ef75b3",
        "dependencies": [
          "jsr:@std/internal@^1.0.0"
        ]
      },
      "@std/cli@0.224.6": {
        "integrity": "98d7e17a70c1c24980baa2b9a511b29e0a460e7a3b8e3d4e220979d77d5f348e"
      },
      "@std/fs@0.229.3": {
        "integrity": "783bca21f24da92e04c3893c9e79653227ab016c48e96b3078377ebd5222e6eb"
      },
      "@std/internal@1.0.0": {
        "integrity": "ac6a6dfebf838582c4b4f61a6907374e27e05bedb6ce276e0f1608fe84e7cd9a"
      },
      "@std/yaml@0.224.1": {
        "integrity": "cbb444acccce7ea34b9ef6678bff84c18eba89b790e52dd098def8dae313f0b2"
      }
    },
    "npm": {
      "@types/mdast@4.0.4": {
        "integrity": "sha512-kGaNbPh1k7AFzgpud/gMdvIm5xuECykRR+JnWKQno9TAXVa6WIVCGTPvYGekIDL4uwCZQSYbUxNBSb1aUo79oA==",
        "dependencies": {
          "@types/unist": "@types/unist@3.0.2"
        }
      },
      "@types/node@18.16.19": {
        "integrity": "sha512-IXl7o+R9iti9eBW4Wg2hx1xQDig183jj7YLn8F7udNceyfkbn1ZxmzZXuak20gR40D7pIkIY1kYGx5VIGbaHKA==",
        "dependencies": {}
      },
      "@types/unist@3.0.2": {
        "integrity": "sha512-dqId9J8K/vGi5Zr7oo212BGii5m3q5Hxlkwy3WpYuKPklmBEvsbMYYyLxAQpSffdLl/gdW0XUpKWFvYmyoWCoQ==",
        "dependencies": {}
      },
      "dayjs@1.11.11": {
        "integrity": "sha512-okzr3f11N6WuqYtZSvm+F776mB41wRZMhKP+hc34YdW+KmtYYK9iqvHSwo2k9FEH3fhGXvOPV6yz2IcSrfRUDg==",
        "dependencies": {}
      },
      "fs@0.0.1-security": {
        "integrity": "sha512-3XY9e1pP0CVEUCdj5BmfIZxRBTSDycnbqhIOGec9QYtmVH2fbLpj86CFWkrNOkt/Fvty4KZG5lTglL9j/gJ87w==",
        "dependencies": {}
      }
    }
  },
  "redirects": {
    "https://esm.sh/remark-frontmatter@5": "https://esm.sh/remark-frontmatter@5.0.0",
    "https://esm.sh/remark-parse@11": "https://esm.sh/remark-parse@11.0.0",
    "https://esm.sh/remark-stringify@11": "https://esm.sh/remark-stringify@11.0.0",
    "https://esm.sh/to-vfile@8": "https://esm.sh/to-vfile@8.0.0",
    "https://esm.sh/unified@11": "https://esm.sh/unified@11.0.4",
    "https://esm.sh/unist-util-visit@5": "https://esm.sh/unist-util-visit@5.0.0"
  },
  "remote": {
    "https://deno.land/std@0.224.0/assert/_constants.ts": "a271e8ef5a573f1df8e822a6eb9d09df064ad66a4390f21b3e31f820a38e0975",
    "https://deno.land/std@0.224.0/assert/assert.ts": "09d30564c09de846855b7b071e62b5974b001bb72a4b797958fe0660e7849834",
    "https://deno.land/std@0.224.0/assert/assert_almost_equals.ts": "9e416114322012c9a21fa68e187637ce2d7df25bcbdbfd957cd639e65d3cf293",
    "https://deno.land/std@0.224.0/assert/assert_array_includes.ts": "14c5094471bc8e4a7895fc6aa5a184300d8a1879606574cb1cd715ef36a4a3c7",
    "https://deno.land/std@0.224.0/assert/assert_equals.ts": "3bbca947d85b9d374a108687b1a8ba3785a7850436b5a8930d81f34a32cb8c74",
    "https://deno.land/std@0.224.0/assert/assert_exists.ts": "43420cf7f956748ae6ed1230646567b3593cb7a36c5a5327269279c870c5ddfd",
    "https://deno.land/std@0.224.0/assert/assert_false.ts": "3e9be8e33275db00d952e9acb0cd29481a44fa0a4af6d37239ff58d79e8edeff",
    "https://deno.land/std@0.224.0/assert/assert_greater.ts": "5e57b201fd51b64ced36c828e3dfd773412c1a6120c1a5a99066c9b261974e46",
    "https://deno.land/std@0.224.0/assert/assert_greater_or_equal.ts": "9870030f997a08361b6f63400273c2fb1856f5db86c0c3852aab2a002e425c5b",
    "https://deno.land/std@0.224.0/assert/assert_instance_of.ts": "e22343c1fdcacfaea8f37784ad782683ec1cf599ae9b1b618954e9c22f376f2c",
    "https://deno.land/std@0.224.0/assert/assert_is_error.ts": "f856b3bc978a7aa6a601f3fec6603491ab6255118afa6baa84b04426dd3cc491",
    "https://deno.land/std@0.224.0/assert/assert_less.ts": "60b61e13a1982865a72726a5fa86c24fad7eb27c3c08b13883fb68882b307f68",
    "https://deno.land/std@0.224.0/assert/assert_less_or_equal.ts": "d2c84e17faba4afe085e6c9123a63395accf4f9e00150db899c46e67420e0ec3",
    "https://deno.land/std@0.224.0/assert/assert_match.ts": "ace1710dd3b2811c391946954234b5da910c5665aed817943d086d4d4871a8b7",
    "https://deno.land/std@0.224.0/assert/assert_not_equals.ts": "78d45dd46133d76ce624b2c6c09392f6110f0df9b73f911d20208a68dee2ef29",
    "https://deno.land/std@0.224.0/assert/assert_not_instance_of.ts": "3434a669b4d20cdcc5359779301a0588f941ffdc2ad68803c31eabdb4890cf7a",
    "https://deno.land/std@0.224.0/assert/assert_not_match.ts": "df30417240aa2d35b1ea44df7e541991348a063d9ee823430e0b58079a72242a",
    "https://deno.land/std@0.224.0/assert/assert_not_strict_equals.ts": "37f73880bd672709373d6dc2c5f148691119bed161f3020fff3548a0496f71b8",
    "https://deno.land/std@0.224.0/assert/assert_object_match.ts": "411450fd194fdaabc0089ae68f916b545a49d7b7e6d0026e84a54c9e7eed2693",
    "https://deno.land/std@0.224.0/assert/assert_rejects.ts": "4bee1d6d565a5b623146a14668da8f9eb1f026a4f338bbf92b37e43e0aa53c31",
    "https://deno.land/std@0.224.0/assert/assert_strict_equals.ts": "b4f45f0fd2e54d9029171876bd0b42dd9ed0efd8f853ab92a3f50127acfa54f5",
    "https://deno.land/std@0.224.0/assert/assert_string_includes.ts": "496b9ecad84deab72c8718735373feb6cdaa071eb91a98206f6f3cb4285e71b8",
    "https://deno.land/std@0.224.0/assert/assert_throws.ts": "c6508b2879d465898dab2798009299867e67c570d7d34c90a2d235e4553906eb",
    "https://deno.land/std@0.224.0/assert/assertion_error.ts": "ba8752bd27ebc51f723702fac2f54d3e94447598f54264a6653d6413738a8917",
    "https://deno.land/std@0.224.0/assert/equal.ts": "bddf07bb5fc718e10bb72d5dc2c36c1ce5a8bdd3b647069b6319e07af181ac47",
    "https://deno.land/std@0.224.0/assert/fail.ts": "0eba674ffb47dff083f02ced76d5130460bff1a9a68c6514ebe0cdea4abadb68",
    "https://deno.land/std@0.224.0/assert/mod.ts": "48b8cb8a619ea0b7958ad7ee9376500fe902284bb36f0e32c598c3dc34cbd6f3",
    "https://deno.land/std@0.224.0/assert/unimplemented.ts": "8c55a5793e9147b4f1ef68cd66496b7d5ba7a9e7ca30c6da070c1a58da723d73",
    "https://deno.land/std@0.224.0/assert/unreachable.ts": "5ae3dbf63ef988615b93eb08d395dda771c96546565f9e521ed86f6510c29e19",
    "https://deno.land/std@0.224.0/cli/_data.json": "cf2cc9d039a192b3adbfe64627167c7e6212704c888c25c769fc8f1709e1e1b8",
    "https://deno.land/std@0.224.0/cli/_run_length.ts": "7da8642a0f4f41ac27c0adb1364e18886be856c1d08c5cce6c6b5c00543c8722",
    "https://deno.land/std@0.224.0/cli/mod.ts": "9548eaf4fefac2ab9b02e0f8e4de8a08cac5d24b721a6019452efec172b59de3",
    "https://deno.land/std@0.224.0/cli/parse_args.ts": "5250832fb7c544d9111e8a41ad272c016f5a53f975ef84d5a9fe5fcb70566ece",
    "https://deno.land/std@0.224.0/cli/prompt_secret.ts": "3b2f95214422226482fba4a00cb25441475b6f97069a6f70f442c1c9a16c744c",
    "https://deno.land/std@0.224.0/cli/spinner.ts": "cf873605771270b4324cc063b5031ab250d8efee8799e45e1a3bfdd333ff721d",
    "https://deno.land/std@0.224.0/cli/unicode_width.ts": "656dd4271ecc90684b6bf23a5fb8c1cf833da625ef2906b61273ad617038072f",
    "https://deno.land/std@0.224.0/fmt/colors.ts": "508563c0659dd7198ba4bbf87e97f654af3c34eb56ba790260f252ad8012e1c5",
    "https://deno.land/std@0.224.0/internal/diff.ts": "6234a4b493ebe65dc67a18a0eb97ef683626a1166a1906232ce186ae9f65f4e6",
    "https://deno.land/std@0.224.0/internal/format.ts": "0a98ee226fd3d43450245b1844b47003419d34d210fa989900861c79820d21c2",
    "https://deno.land/std@0.224.0/internal/mod.ts": "534125398c8e7426183e12dc255bb635d94e06d0f93c60a297723abe69d3b22e",
    "https://esm.sh/remark-frontmatter@5.0.0": "9c32604479ecbd85116b6256d4626e237f39c69993d1b6a0e143b74eec3c96eb",
    "https://esm.sh/remark-parse@11.0.0": "04d335dacbf824fb751d1b45356358349b8dfb2a565c19f397e9e2d325001046",
    "https://esm.sh/remark-stringify@11.0.0": "17839eafca893367ee5c3adb2f829cdd97f6b24ddf61f10804ec82049f0c7dea",
    "https://esm.sh/to-vfile@8.0.0": "05aa989433514d267833c5057b53935c837c1373824ed8b60ed38cae67655af5",
    "https://esm.sh/unified@11.0.4": "72b728ba5b7ea21d43e618e605c5dd940bca81248ef4d910f8b69b9165c89f38",
    "https://esm.sh/unist-util-visit@5.0.0": "39c6a28445ca31c6ad1e97c663c9d6f86d8820a2b5893c77e2d363cb630c8dc5",
    "https://esm.sh/v135/bail@2.0.2/denonext/bail.mjs": "cab740cf24417dfad8567cbb78a49ae7e492ecca299f2b3185520805aba4d073",
    "https://esm.sh/v135/character-entities@2.0.2/denonext/character-entities.mjs": "9e8657f056310ac3ca8058eaf96cef695ee13a4bf6c302674796a882464f305c",
    "https://esm.sh/v135/decode-named-character-reference@1.0.2/denonext/decode-named-character-reference.mjs": "1a5a8f9cbe302be478e964ab701be8644dbdfd4d8ce9f14de186cf84ee2a4bc1",
    "https://esm.sh/v135/devlop@1.1.0/denonext/devlop.mjs": "05fffa5a5168daec45963b784734dbc468758e130a340af874adfe0d457e394a",
    "https://esm.sh/v135/escape-string-regexp@5.0.0/denonext/escape-string-regexp.mjs": "6080dd39c43a11f999a41172a27b8c58572d747d8276c039d93d4be8b21747a5",
    "https://esm.sh/v135/extend@3.0.2/denonext/extend.mjs": "6ab9e4890dfa54ec88fa326fca525c211141d6da72188f54e9610d1281219c9e",
    "https://esm.sh/v135/fault@2.0.1/denonext/fault.mjs": "3020bde23eea0e686b9fa20ede62ffe834ad796eb94d041ebb2cb345883fdc94",
    "https://esm.sh/v135/format@0.2.2/denonext/format.mjs": "4b5f307e1a0dab630893e8f5c91c4b38541d29b640ba6977adfecb2a22d3647d",
    "https://esm.sh/v135/is-plain-obj@4.1.0/denonext/is-plain-obj.mjs": "d3d86a7174ad7935de7b00f904b6424c103bce530c502efb7f42114cbb1a555f",
    "https://esm.sh/v135/longest-streak@3.1.0/denonext/longest-streak.mjs": "97b1d8c42d407e285971fea218d89a0404270c3b841a26ec62b83f62450ad573",
    "https://esm.sh/v135/mdast-util-from-markdown@2.0.0/denonext/mdast-util-from-markdown.mjs": "30a0b1f34afa2c946dc1b401a8f42d7e3cc85a9c5b77ce95276f028b24c10fcf",
    "https://esm.sh/v135/mdast-util-frontmatter@2.0.1/denonext/mdast-util-frontmatter.mjs": "dfb474bd8936e7fd27efe0d26190fa29487e56d83c204c2b03dd0a31c97c69ac",
    "https://esm.sh/v135/mdast-util-phrasing@4.0.0/denonext/mdast-util-phrasing.mjs": "ed30057d1949bdde664291eaa5e11ea8c765f573a5c38eba60b099ffd3612f42",
    "https://esm.sh/v135/mdast-util-to-markdown@2.1.0/denonext/mdast-util-to-markdown.mjs": "45752d146270661e71f91869eba6f6c434b3f564a005542d0e5dbebc8734e45e",
    "https://esm.sh/v135/mdast-util-to-string@4.0.0/denonext/mdast-util-to-string.mjs": "eda9725fc0c7dc0e7b56998d2d8e4f29312cc5493cb7834c70f32fab2609103b",
    "https://esm.sh/v135/micromark-core-commonmark@2.0.0/denonext/micromark-core-commonmark.mjs": "29686a813f2fa7fc1801c9c6142f71e32e605e6cf8bb8a9afeab78c814f0216c",
    "https://esm.sh/v135/micromark-extension-frontmatter@2.0.0/denonext/micromark-extension-frontmatter.mjs": "2a84ae8c0949b9206d2f56e1b2fef5c7fa80e5357be3d975f6a27dc09c56a7de",
    "https://esm.sh/v135/micromark-factory-destination@2.0.0/denonext/micromark-factory-destination.mjs": "84dadab4182836ff8c4437e9a384a6e3488496848641c9868334d8a6b7658331",
    "https://esm.sh/v135/micromark-factory-label@2.0.0/denonext/micromark-factory-label.mjs": "0d4877dbb95c2bf635d48d8d44a243ab0c6830f68c76289c9d92730871b88170",
    "https://esm.sh/v135/micromark-factory-space@2.0.0/denonext/micromark-factory-space.mjs": "1ac7c90dec53f7f634767c5470c2dcf204f4df99ec318a27832786153d5c8110",
    "https://esm.sh/v135/micromark-factory-title@2.0.0/denonext/micromark-factory-title.mjs": "1b202816c09c57894c8e254962ffbd8ad559439b0eb90ff0eca743f0dbfff470",
    "https://esm.sh/v135/micromark-factory-whitespace@2.0.0/denonext/micromark-factory-whitespace.mjs": "f85efacaec053453a9445b4147d2fb7ce02c1d083f0b0da9a730a112ff934d9e",
    "https://esm.sh/v135/micromark-util-character@2.0.1/denonext/micromark-util-character.mjs": "18b451d148e1ccc3a9b18e5c4061d44a0485e8ec65ad805d20b2950a51c7213b",
    "https://esm.sh/v135/micromark-util-chunked@2.0.0/denonext/micromark-util-chunked.mjs": "531cf323ba53649fdc30cd39ebba54253dfd847a4b23f806058ecc6cf67bca69",
    "https://esm.sh/v135/micromark-util-classify-character@2.0.0/denonext/micromark-util-classify-character.mjs": "7e78c1341df2227c29cf5125c17f29bec3887bf8a3178476e129740271bdbd96",
    "https://esm.sh/v135/micromark-util-combine-extensions@2.0.0/denonext/micromark-util-combine-extensions.mjs": "68268c6cb6119bc8b0865156e81a360a3b94cd73bddbb9a2a33eda627e51573a",
    "https://esm.sh/v135/micromark-util-decode-numeric-character-reference@2.0.1/denonext/micromark-util-decode-numeric-character-reference.mjs": "284addb1c2303e02ca074d6a5e529c8c9c3cdb58b6815669e2ec65a2f717cf28",
    "https://esm.sh/v135/micromark-util-decode-string@2.0.0/denonext/micromark-util-decode-string.mjs": "c9abaf0b645a2ca8dd0a8d988a7a25173f4bc5e46154d2875890507c0d2e5a51",
    "https://esm.sh/v135/micromark-util-encode@2.0.0/denonext/micromark-util-encode.mjs": "6077703d774b2fd968ef53977add5d5d1e39ca0db74c5ee4359c540a5febcf48",
    "https://esm.sh/v135/micromark-util-html-tag-name@2.0.0/denonext/micromark-util-html-tag-name.mjs": "a32f6a4aa82498405a88103fd5b0b2e27a8c7f27dc506862f993bf1a1f1716b6",
    "https://esm.sh/v135/micromark-util-normalize-identifier@2.0.0/denonext/micromark-util-normalize-identifier.mjs": "f5b933ea50544d63e505ef11b7f257b97c5056e06417bac15ec02d3f00174c0e",
    "https://esm.sh/v135/micromark-util-resolve-all@2.0.0/denonext/micromark-util-resolve-all.mjs": "c11d87d63d808a26231323012295490931159830a66c00854693ec9279fa09fd",
    "https://esm.sh/v135/micromark-util-sanitize-uri@2.0.0/denonext/micromark-util-sanitize-uri.mjs": "cde22cced5a18a41dcdacbad2cc9e6fc930450118bff7dd764e60eea4aa6c5b5",
    "https://esm.sh/v135/micromark-util-subtokenize@2.0.0/denonext/micromark-util-subtokenize.mjs": "670326123b1f9d91218cee035248437b97e5b6828f1d1eb01d40bc46f89bdc64",
    "https://esm.sh/v135/micromark@4.0.0/denonext/micromark.mjs": "dc73ed793c5bbc49ad7201a326fc724d08bc94372a291c184167b22c4edc320d",
    "https://esm.sh/v135/remark-frontmatter@5.0.0/denonext/remark-frontmatter.mjs": "03e034e1a55ecacfd78dd6511f64c73c9a1ce4a92ad99bf23e9689b7be7f2356",
    "https://esm.sh/v135/remark-parse@11.0.0/denonext/remark-parse.mjs": "7dacc285a7a98c4c15fe384903b210a05400dacb147ce30355453e18a71c2075",
    "https://esm.sh/v135/remark-stringify@11.0.0/denonext/remark-stringify.mjs": "32e30f4eed9414263ec6a93d24608a59560614de008d2ccf3655e7d6e78732a0",
    "https://esm.sh/v135/to-vfile@8.0.0/denonext/to-vfile.mjs": "e9e39c7791eb0ea7055105ffd3eb6ccf3d36a1a4ddf6c5a3824bc3838544ad40",
    "https://esm.sh/v135/trough@2.1.0/denonext/trough.mjs": "d7c1b66bf8739a28bcc6bbf17919f6b54b7b25cceabfb0e694d192232c83f1fd",
    "https://esm.sh/v135/trough@2.2.0/denonext/trough.mjs": "af5b6a1249da29b6738a49efcb61311f7132c60e82f8e2afd941f44be035b55c",
    "https://esm.sh/v135/unified@11.0.4/denonext/unified.mjs": "53c0d08ac60e982cbceb7b51cecbe72412a16e2b8c2d373c9533ab1750ff54e6",
    "https://esm.sh/v135/unist-util-is@6.0.0/denonext/unist-util-is.mjs": "d92da46b3a1084450f150cc06c02f3bf85b93ab4c4b43a960d72a4f5678e95cc",
    "https://esm.sh/v135/unist-util-stringify-position@4.0.0/denonext/unist-util-stringify-position.mjs": "dabd32cb2b590bbb077fc6f6591a2e065cffd6c55646ba383455926a27ea64d7",
    "https://esm.sh/v135/unist-util-visit-parents@6.0.1/denonext/do-not-use-color.js": "a1c0a6b93471dd4ed996804dd8a2b9f753c83c4a2da98373253e6b312c8492e2",
    "https://esm.sh/v135/unist-util-visit-parents@6.0.1/denonext/unist-util-visit-parents.mjs": "5f7ececae47bea6d87b7e323153a7415ad8f299dc42e61aefda6d28eaf264c64",
    "https://esm.sh/v135/unist-util-visit@5.0.0/denonext/unist-util-visit.mjs": "6c1b5b3d517cc6dbc88406b2dbab1735d503a797e994dbd4a89f3764098318f7",
    "https://esm.sh/v135/vfile-message@4.0.2/denonext/vfile-message.mjs": "efc85b18bedda337fb1c20cdc452fac3addac32ee55948cebf2845396ae641ac",
    "https://esm.sh/v135/vfile@6.0.1/denonext/do-not-use-conditional-minpath.js": "9a7ca0443aa0dff4d6a74822ba54cd1a5077a75d2f740d4d99cd8897a7f62a3c",
    "https://esm.sh/v135/vfile@6.0.1/denonext/do-not-use-conditional-minproc.js": "34e683b50c7d1e17a90a522afafcdb032ceaeff2e0eb5dbca28f9b4783de73ba",
    "https://esm.sh/v135/vfile@6.0.1/denonext/do-not-use-conditional-minurl.js": "79e90ed8915870371874d7ca17f8cbb3a8cab5b4e054bbcff85f7c91df32d0ba",
    "https://esm.sh/v135/vfile@6.0.1/denonext/vfile.mjs": "31065c960cf79824afc0bc6890688c540f09d067eb5415effb7fafac6ef33c13",
    "https://esm.sh/v135/zwitch@2.0.4/denonext/zwitch.mjs": "c0e8c246a1f38b425335ea78cc366a7801d3ef89701229a35f85a51310e6e49f"
  },
  "workspace": {
    "dependencies": [
      "jsr:@libs/testing@^1.0.10",
      "jsr:@std/assert@^0.226.0",
      "jsr:@std/cli@^0.224.6",
      "jsr:@std/fs@^0.229.3",
      "jsr:@std/testing@^0.225.1",
      "jsr:@std/yaml@^0.224.1",
      "npm:dayjs@1.11.11"
    ]
  }
}
